
Microsoft Visual Studio Solution File, Format Version 12.00
# Visual Studio Version 16
VisualStudioVersion = 16.0.29728.190
MinimumVisualStudioVersion = 10.0.40219.1
Project("{FAE04EC0-301F-11D3-BF4B-00C04F79EFBC}") = "Parcial1", "Parcial1\Parcial1.csproj", "{6BA717EB-C792-42C5-AA8F-92CAFE26B690}"
EndProject
Global
	GlobalSection(SolutionConfigurationPlatforms) = preSolution
		Debug|Any CPU = Debug|Any CPU
		Release|Any CPU = Release|Any CPU
	EndGlobalSection
	GlobalSection(ProjectConfigurationPlatforms) = postSolution
		{6BA717EB-C792-42C5-AA8F-92CAFE26B690}.Debug|Any CPU.ActiveCfg = Debug|Any CPU
		{6BA717EB-C792-42C5-AA8F-92CAFE26B690}.Debug|Any CPU.Build.0 = Debug|Any CPU
		{6BA717EB-C792-42C5-AA8F-92CAFE26B690}.Release|Any CPU.ActiveCfg = Release|Any CPU
		{6BA717EB-C792-42C5-AA8F-92CAFE26B690}.Release|Any CPU.Build.0 = Release|Any CPU
	EndGlobalSection
	GlobalSection(SolutionProperties) = preSolution
		HideSolutionNode = FALSE
	EndGlobalSection
	GlobalSection(ExtensibilityGlobals) = postSolution
		SolutionGuid = {9854DC2F-E0B0-4B78-9199-A985FB38F3C2}
	EndGlobalSection
EndGlobal
